// !$*UTF8*$!
{
	archiveVersion = 1;
	classes = {
	};
	objectVersion = 55;
	objects = {

/* Begin PBXBuildFile section */
		A4B75BA55FC5132ECE66BDC3 /* Pods_IsbakApp.framework in Frameworks */ = {isa = PBXBuildFile; fileRef = 253041071408571CB1847033 /* Pods_IsbakApp.framework */; };
		E0445D4F28DAD7C4004306BF /* GoogleService-Info.plist in Resources */ = {isa = PBXBuildFile; fileRef = E0445D4E28DAD7C4004306BF /* GoogleService-Info.plist */; };
		E0445D5128DAE4A0004306BF /* FeedViewController.swift in Sources */ = {isa = PBXBuildFile; fileRef = E0445D5028DAE4A0004306BF /* FeedViewController.swift */; };
		E0445D5328DAE4F6004306BF /* UploadViewController.swift in Sources */ = {isa = PBXBuildFile; fileRef = E0445D5228DAE4F6004306BF /* UploadViewController.swift */; };
		E0445D5528DAE50A004306BF /* SettingsViewController.swift in Sources */ = {isa = PBXBuildFile; fileRef = E0445D5428DAE50A004306BF /* SettingsViewController.swift */; };
		E0665F1828DC324400873800 /* FeedCell.swift in Sources */ = {isa = PBXBuildFile; fileRef = E0665F1728DC324400873800 /* FeedCell.swift */; };
		E0956F2B28DC5AE500A2DF69 /* Post.swift in Sources */ = {isa = PBXBuildFile; fileRef = E0956F2A28DC5AE500A2DF69 /* Post.swift */; };
		E0DC9E3828D9DABD00831056 /* AppDelegate.swift in Sources */ = {isa = PBXBuildFile; fileRef = E0DC9E3728D9DABD00831056 /* AppDelegate.swift */; };
		E0DC9E3A28D9DABD00831056 /* SceneDelegate.swift in Sources */ = {isa = PBXBuildFile; fileRef = E0DC9E3928D9DABD00831056 /* SceneDelegate.swift */; };
		E0DC9E3C28D9DABD00831056 /* ViewController.swift in Sources */ = {isa = PBXBuildFile; fileRef = E0DC9E3B28D9DABD00831056 /* ViewController.swift */; };
		E0DC9E3F28D9DABD00831056 /* Main.storyboard in Resources */ = {isa = PBXBuildFile; fileRef = E0DC9E3D28D9DABD00831056 /* Main.storyboard */; };
		E0DC9E4128D9DABF00831056 /* Assets.xcassets in Resources */ = {isa = PBXBuildFile; fileRef = E0DC9E4028D9DABF00831056 /* Assets.xcassets */; };
		E0DC9E4428D9DABF00831056 /* LaunchScreen.storyboard in Resources */ = {isa = PBXBuildFile; fileRef = E0DC9E4228D9DABF00831056 /* LaunchScreen.storyboard */; };
/* End PBXBuildFile section */

/* Begin PBXFileReference section */
		253041071408571CB1847033 /* Pods_IsbakApp.framework */ = {isa = PBXFileReference; explicitFileType = wrapper.framework; includeInIndex = 0; path = Pods_IsbakApp.framework; sourceTree = BUILT_PRODUCTS_DIR; };
		6BCFEE3C78902F48F0282BC9 /* Pods-IsbakApp.debug.xcconfig */ = {isa = PBXFileReference; includeInIndex = 1; lastKnownFileType = text.xcconfig; name = "Pods-IsbakApp.debug.xcconfig"; path = "Target Support Files/Pods-IsbakApp/Pods-IsbakApp.debug.xcconfig"; sourceTree = "<group>"; };
		CB06CEF628AB8D1FDD619DEB /* Pods-IsbakApp.release.xcconfig */ = {isa = PBXFileReference; includeInIndex = 1; lastKnownFileType = text.xcconfig; name = "Pods-IsbakApp.release.xcconfig"; path = "Target Support Files/Pods-IsbakApp/Pods-IsbakApp.release.xcconfig"; sourceTree = "<group>"; };
		E0445D4E28DAD7C4004306BF /* GoogleService-Info.plist */ = {isa = PBXFileReference; fileEncoding = 4; lastKnownFileType = text.plist.xml; path = "GoogleService-Info.plist"; sourceTree = "<group>"; };
		E0445D5028DAE4A0004306BF /* FeedViewController.swift */ = {isa = PBXFileReference; lastKnownFileType = sourcecode.swift; path = FeedViewController.swift; sourceTree = "<group>"; };
		E0445D5228DAE4F6004306BF /* UploadViewController.swift */ = {isa = PBXFileReference; lastKnownFileType = sourcecode.swift; path = UploadViewController.swift; sourceTree = "<group>"; };
		E0445D5428DAE50A004306BF /* SettingsViewController.swift */ = {isa = PBXFileReference; lastKnownFileType = sourcecode.swift; path = SettingsViewController.swift; sourceTree = "<group>"; };
		E0665F1728DC324400873800 /* FeedCell.swift */ = {isa = PBXFileReference; lastKnownFileType = sourcecode.swift; path = FeedCell.swift; sourceTree = "<group>"; };
		E0956F2A28DC5AE500A2DF69 /* Post.swift */ = {isa = PBXFileReference; lastKnownFileType = sourcecode.swift; path = Post.swift; sourceTree = "<group>"; };
		E0DC9E3428D9DABD00831056 /* IsbakApp.app */ = {isa = PBXFileReference; explicitFileType = wrapper.application; includeInIndex = 0; path = IsbakApp.app; sourceTree = BUILT_PRODUCTS_DIR; };
		E0DC9E3728D9DABD00831056 /* AppDelegate.swift */ = {isa = PBXFileReference; lastKnownFileType = sourcecode.swift; path = AppDelegate.swift; sourceTree = "<group>"; };
		E0DC9E3928D9DABD00831056 /* SceneDelegate.swift */ = {isa = PBXFileReference; lastKnownFileType = sourcecode.swift; path = SceneDelegate.swift; sourceTree = "<group>"; };
		E0DC9E3B28D9DABD00831056 /* ViewController.swift */ = {isa = PBXFileReference; lastKnownFileType = sourcecode.swift; path = ViewController.swift; sourceTree = "<group>"; };
		E0DC9E3E28D9DABD00831056 /* Base */ = {isa = PBXFileReference; lastKnownFileType = file.storyboard; name = Base; path = Base.lproj/Main.storyboard; sourceTree = "<group>"; };
		E0DC9E4028D9DABF00831056 /* Assets.xcassets */ = {isa = PBXFileReference; lastKnownFileType = folder.assetcatalog; path = Assets.xcassets; sourceTree = "<group>"; };
		E0DC9E4328D9DABF00831056 /* Base */ = {isa = PBXFileReference; lastKnownFileType = file.storyboard; name = Base; path = Base.lproj/LaunchScreen.storyboard; sourceTree = "<group>"; };
		E0DC9E4528D9DABF00831056 /* Info.plist */ = {isa = PBXFileReference; lastKnownFileType = text.plist.xml; path = Info.plist; sourceTree = "<group>"; };
/* End PBXFileReference section */

/* Begin PBXFrameworksBuildPhase section */
		E0DC9E3128D9DABD00831056 /* Frameworks */ = {
			isa = PBXFrameworksBuildPhase;
			buildActionMask = 2147483647;
			files = (
				A4B75BA55FC5132ECE66BDC3 /* Pods_IsbakApp.framework in Frameworks */,
			);
			runOnlyForDeploymentPostprocessing = 0;
		};
/* End PBXFrameworksBuildPhase section */

/* Begin PBXGroup section */
		05155BB55ADE68B2715291EC /* Frameworks */ = {
			isa = PBXGroup;
			children = (
				253041071408571CB1847033 /* Pods_IsbakApp.framework */,
			);
			name = Frameworks;
			sourceTree = "<group>";
		};
		CDC1EB7F0EBFD80464274995 /* Pods */ = {
			isa = PBXGroup;
			children = (
				6BCFEE3C78902F48F0282BC9 /* Pods-IsbakApp.debug.xcconfig */,
				CB06CEF628AB8D1FDD619DEB /* Pods-IsbakApp.release.xcconfig */,
			);
			path = Pods;
			sourceTree = "<group>";
		};
		E0DC9E2B28D9DABD00831056 = {
			isa = PBXGroup;
			children = (
				E0DC9E3628D9DABD00831056 /* IsbakApp */,
				E0DC9E3528D9DABD00831056 /* Products */,
				CDC1EB7F0EBFD80464274995 /* Pods */,
				05155BB55ADE68B2715291EC /* Frameworks */,
			);
			sourceTree = "<group>";
		};
		E0DC9E3528D9DABD00831056 /* Products */ = {
			isa = PBXGroup;
			children = (
				E0DC9E3428D9DABD00831056 /* IsbakApp.app */,
			);
			name = Products;
			sourceTree = "<group>";
		};
		E0DC9E3628D9DABD00831056 /* IsbakApp */ = {
			isa = PBXGroup;
			children = (
				E0DC9E3728D9DABD00831056 /* AppDelegate.swift */,
				E0DC9E3928D9DABD00831056 /* SceneDelegate.swift */,
				E0DC9E3B28D9DABD00831056 /* ViewController.swift */,
				E0DC9E3D28D9DABD00831056 /* Main.storyboard */,
				E0DC9E4028D9DABF00831056 /* Assets.xcassets */,
				E0DC9E4228D9DABF00831056 /* LaunchScreen.storyboard */,
				E0DC9E4528D9DABF00831056 /* Info.plist */,
				E0445D4E28DAD7C4004306BF /* GoogleService-Info.plist */,
				E0445D5028DAE4A0004306BF /* FeedViewController.swift */,
				E0445D5228DAE4F6004306BF /* UploadViewController.swift */,
				E0445D5428DAE50A004306BF /* SettingsViewController.swift */,
				E0665F1728DC324400873800 /* FeedCell.swift */,
				E0956F2A28DC5AE500A2DF69 /* Post.swift */,
			);
			path = IsbakApp;
			sourceTree = "<group>";
		};
/* End PBXGroup section */

/* Begin PBXNativeTarget section */
		E0DC9E3328D9DABD00831056 /* IsbakApp */ = {
			isa = PBXNativeTarget;
			buildConfigurationList = E0DC9E4828D9DABF00831056 /* Build configuration list for PBXNativeTarget "IsbakApp" */;
			buildPhases = (
				14A7F9E8F22989D0B9E44DAE /* [CP] Check Pods Manifest.lock */,
				E0DC9E3028D9DABD00831056 /* Sources */,
				E0DC9E3128D9DABD00831056 /* Frameworks */,
				E0DC9E3228D9DABD00831056 /* Resources */,
				4B0CBB1D9F9436F2240AAA02 /* [CP] Embed Pods Frameworks */,
			);
			buildRules = (
			);
			dependencies = (
			);
			name = IsbakApp;
			productName = IsbakApp;
			productReference = E0DC9E3428D9DABD00831056 /* IsbakApp.app */;
			productType = "com.apple.product-type.application";
		};
/* End PBXNativeTarget section */

/* Begin PBXProject section */
		E0DC9E2C28D9DABD00831056 /* Project object */ = {
			isa = PBXProject;
			attributes = {
				BuildIndependentTargetsInParallel = 1;
				LastSwiftUpdateCheck = 1340;
				LastUpgradeCheck = 1340;
				TargetAttributes = {
					E0DC9E3328D9DABD00831056 = {
						CreatedOnToolsVersion = 13.4.1;
					};
				};
			};
			buildConfigurationList = E0DC9E2F28D9DABD00831056 /* Build configuration list for PBXProject "IsbakApp" */;
			compatibilityVersion = "Xcode 13.0";
			developmentRegion = en;
			hasScannedForEncodings = 0;
			knownRegions = (
				en,
				Base,
			);
			mainGroup = E0DC9E2B28D9DABD00831056;
			productRefGroup = E0DC9E3528D9DABD00831056 /* Products */;
			projectDirPath = "";
			projectRoot = "";
			targets = (
				E0DC9E3328D9DABD00831056 /* IsbakApp */,
			);
		};
/* End PBXProject section */

/* Begin PBXResourcesBuildPhase section */
		E0DC9E3228D9DABD00831056 /* Resources */ = {
			isa = PBXResourcesBuildPhase;
			buildActionMask = 2147483647;
			files = (
				E0DC9E4428D9DABF00831056 /* LaunchScreen.storyboard in Resources */,
				E0445D4F28DAD7C4004306BF /* GoogleService-Info.plist in Resources */,
				E0DC9E4128D9DABF00831056 /* Assets.xcassets in Resources */,
				E0DC9E3F28D9DABD00831056 /* Main.storyboard in Resources */,
			);
			runOnlyForDeploymentPostprocessing = 0;
		};
/* End PBXResourcesBuildPhase section */

/* Begin PBXShellScriptBuildPhase section */
		14A7F9E8F22989D0B9E44DAE /* [CP] Check Pods Manifest.lock */ = {
			isa = PBXShellScriptBuildPhase;
			buildActionMask = 2147483647;
			files = (
			);
			inputFileListPaths = (
			);
			inputPaths = (
				"${PODS_PODFILE_DIR_PATH}/Podfile.lock",
				"${PODS_ROOT}/Manifest.lock",
			);
			name = "[CP] Check Pods Manifest.lock";
			outputFileListPaths = (
			);
			outputPaths = (
				"$(DERIVED_FILE_DIR)/Pods-IsbakApp-checkManifestLockResult.txt",
			);
			runOnlyForDeploymentPostprocessing = 0;
			shellPath = /bin/sh;
			shellScript = "diff \"${PODS_PODFILE_DIR_PATH}/Podfile.lock\" \"${PODS_ROOT}/Manifest.lock\" > /dev/null\nif [ $? != 0 ] ; then\n    # print error to STDERR\n    echo \"error: The sandbox is not in sync with the Podfile.lock. Run 'pod install' or update your CocoaPods installation.\" >&2\n    exit 1\nfi\n# This output is used by Xcode 'outputs' to avoid re-running this script phase.\necho \"SUCCESS\" > \"${SCRIPT_OUTPUT_FILE_0}\"\n";
			showEnvVarsInLog = 0;
		};
		4B0CBB1D9F9436F2240AAA02 /* [CP] Embed Pods Frameworks */ = {
			isa = PBXShellScriptBuildPhase;
			buildActionMask = 2147483647;
			files = (
			);
			inputFileListPaths = (
				"${PODS_ROOT}/Target Support Files/Pods-IsbakApp/Pods-IsbakApp-frameworks-${CONFIGURATION}-input-files.xcfilelist",
			);
			name = "[CP] Embed Pods Frameworks";
			outputFileListPaths = (
				"${PODS_ROOT}/Target Support Files/Pods-IsbakApp/Pods-IsbakApp-frameworks-${CONFIGURATION}-output-files.xcfilelist",
			);
			runOnlyForDeploymentPostprocessing = 0;
			shellPath = /bin/sh;
			shellScript = "\"${PODS_ROOT}/Target Support Files/Pods-IsbakApp/Pods-IsbakApp-frameworks.sh\"\n";
			showEnvVarsInLog = 0;
		};
/* End PBXShellScriptBuildPhase section */

/* Begin PBXSourcesBuildPhase section */
		E0DC9E3028D9DABD00831056 /* Sources */ = {
			isa = PBXSourcesBuildPhase;
			buildActionMask = 2147483647;
			files = (
				E0665F1828DC324400873800 /* FeedCell.swift in Sources */,
				E0DC9E3C28D9DABD00831056 /* ViewController.swift in Sources */,
				E0445D5328DAE4F6004306BF /* UploadViewController.swift in Sources */,
				E0956F2B28DC5AE500A2DF69 /* Post.swift in Sources */,
				E0DC9E3828D9DABD00831056 /* AppDelegate.swift in Sources */,
				E0445D5128DAE4A0004306BF /* FeedViewController.swift in Sources */,
				E0DC9E3A28D9DABD00831056 /* SceneDelegate.swift in Sources */,
				E0445D5528DAE50A004306BF /* SettingsViewController.swift in Sources */,
			);
			runOnlyForDeploymentPostprocessing = 0;
		};
/* End PBXSourcesBuildPhase section */

/* Begin PBXVariantGroup section */
		E0DC9E3D28D9DABD00831056 /* Main.storyboard */ = {
			isa = PBXVariantGroup;
			children = (
				E0DC9E3E28D9DABD00831056 /* Base */,
			);
			name = Main.storyboard;
			sourceTree = "<group>";
		};
		E0DC9E4228D9DABF00831056 /* LaunchScreen.storyboard */ = {
			isa = PBXVariantGroup;
			children = (
				E0DC9E4328D9DABF00831056 /* Base */,
			);
			name = LaunchScreen.storyboard;
			sourceTree = "<group>";
		};
/* End PBXVariantGroup section */

/* Begin XCBuildConfiguration section */
		E0DC9E4628D9DABF00831056 /* Debug */ = {
			isa = XCBuildConfiguration;
			buildSettings = {
				ALWAYS_SEARCH_USER_PATHS = NO;
				CLANG_ANALYZER_NONNULL = YES;
				CLANG_ANALYZER_NUMBER_OBJECT_CONVERSION = YES_AGGRESSIVE;
				CLANG_CXX_LANGUAGE_STANDARD = "gnu++17";
				CLANG_ENABLE_MODULES = YES;
				CLANG_ENABLE_OBJC_ARC = YES;
				CLANG_ENABLE_OBJC_WEAK = YES;
				CLANG_WARN_BLOCK_CAPTURE_AUTORELEASING = YES;
				CLANG_WARN_BOOL_CONVERSION = YES;
				CLANG_WARN_COMMA = YES;
				CLANG_WARN_CONSTANT_CONVERSION = YES;
				CLANG_WARN_DEPRECATED_OBJC_IMPLEMENTATIONS = YES;
				CLANG_WARN_DIRECT_OBJC_ISA_USAGE = YES_ERROR;
				CLANG_WARN_DOCUMENTATION_COMMENTS = YES;
				CLANG_WARN_EMPTY_BODY = YES;
				CLANG_WARN_ENUM_CONVERSION = YES;
				CLANG_WARN_INFINITE_RECURSION = YES;
				CLANG_WARN_INT_CONVERSION = YES;
				CLANG_WARN_NON_LITERAL_NULL_CONVERSION = YES;
				CLANG_WARN_OBJC_IMPLICIT_RETAIN_SELF = YES;
				CLANG_WARN_OBJC_LITERAL_CONVERSION = YES;
				CLANG_WARN_OBJC_ROOT_CLASS = YES_ERROR;
				CLANG_WARN_QUOTED_INCLUDE_IN_FRAMEWORK_HEADER = YES;
				CLANG_WARN_RANGE_LOOP_ANALYSIS = YES;
				CLANG_WARN_STRICT_PROTOTYPES = YES;
				CLANG_WARN_SUSPICIOUS_MOVE = YES;
				CLANG_WARN_UNGUARDED_AVAILABILITY = YES_AGGRESSIVE;
				CLANG_WARN_UNREACHABLE_CODE = YES;
				CLANG_WARN__DUPLICATE_METHOD_MATCH = YES;
				COPY_PHASE_STRIP = NO;
				DEBUG_INFORMATION_FORMAT = dwarf;
				ENABLE_STRICT_OBJC_MSGSEND = YES;
				ENABLE_TESTABILITY = YES;
				GCC_C_LANGUAGE_STANDARD = gnu11;
				GCC_DYNAMIC_NO_PIC = NO;
				GCC_NO_COMMON_BLOCKS = YES;
				GCC_OPTIMIZATION_LEVEL = 0;
				GCC_PREPROCESSOR_DEFINITIONS = (
					"DEBUG=1",
					"$(inherited)",
				);
				GCC_WARN_64_TO_32_BIT_CONVERSION = YES;
				GCC_WARN_ABOUT_RETURN_TYPE = YES_ERROR;
				GCC_WARN_UNDECLARED_SELECTOR = YES;
				GCC_WARN_UNINITIALIZED_AUTOS = YES_AGGRESSIVE;
				GCC_WARN_UNUSED_FUNCTION = YES;
				GCC_WARN_UNUSED_VARIABLE = YES;
				IPHONEOS_DEPLOYMENT_TARGET = 15.5;
				MTL_ENABLE_DEBUG_INFO = INCLUDE_SOURCE;
				MTL_FAST_MATH = YES;
				ONLY_ACTIVE_ARCH = YES;
				SDKROOT = iphoneos;
				SWIFT_ACTIVE_COMPILATION_CONDITIONS = DEBUG;
				SWIFT_OPTIMIZATION_LEVEL = "-Onone";
			};
			name = Debug;
		};
		E0DC9E4728D9DABF00831056 /* Release */ = {
			isa = XCBuildConfiguration;
			buildSettings = {
				ALWAYS_SEARCH_USER_PATHS = NO;
				CLANG_ANALYZER_NONNULL = YES;
				CLANG_ANALYZER_NUMBER_OBJECT_CONVERSION = YES_AGGRESSIVE;
				CLANG_CXX_LANGUAGE_STANDARD = "gnu++17";
				CLANG_ENABLE_MODULES = YES;
				CLANG_ENABLE_OBJC_ARC = YES;
				CLANG_ENABLE_OBJC_WEAK = YES;
				CLANG_WARN_BLOCK_CAPTURE_AUTORELEASING = YES;
				CLANG_WARN_BOOL_CONVERSION = YES;
				CLANG_WARN_COMMA = YES;
				CLANG_WARN_CONSTANT_CONVERSION = YES;
				CLANG_WARN_DEPRECATED_OBJC_IMPLEMENTATIONS = YES;
				CLANG_WARN_DIRECT_OBJC_ISA_USAGE = YES_ERROR;
				CLANG_WARN_DOCUMENTATION_COMMENTS = YES;
				CLANG_WARN_EMPTY_BODY = YES;
				CLANG_WARN_ENUM_CONVERSION = YES;
				CLANG_WARN_INFINITE_RECURSION = YES;
				CLANG_WARN_INT_CONVERSION = YES;
				CLANG_WARN_NON_LITERAL_NULL_CONVERSION = YES;
				CLANG_WARN_OBJC_IMPLICIT_RETAIN_SELF = YES;
				CLANG_WARN_OBJC_LITERAL_CONVERSION = YES;
				CLANG_WARN_OBJC_ROOT_CLASS = YES_ERROR;
				CLANG_WARN_QUOTED_INCLUDE_IN_FRAMEWORK_HEADER = YES;
				CLANG_WARN_RANGE_LOOP_ANALYSIS = YES;
				CLANG_WARN_STRICT_PROTOTYPES = YES;
				CLANG_WARN_SUSPICIOUS_MOVE = YES;
				CLANG_WARN_UNGUARDED_AVAILABILITY = YES_AGGRESSIVE;
				CLANG_WARN_UNREACHABLE_CODE = YES;
				CLANG_WARN__DUPLICATE_METHOD_MATCH = YES;
				COPY_PHASE_STRIP = NO;
				DEBUG_INFORMATION_FORMAT = "dwarf-with-dsym";
				ENABLE_NS_ASSERTIONS = NO;
				ENABLE_STRICT_OBJC_MSGSEND = YES;
				GCC_C_LANGUAGE_STANDARD = gnu11;
				GCC_NO_COMMON_BLOCKS = YES;
				GCC_WARN_64_TO_32_BIT_CONVERSION = YES;
				GCC_WARN_ABOUT_RETURN_TYPE = YES_ERROR;
				GCC_WARN_UNDECLARED_SELECTOR = YES;
				GCC_WARN_UNINITIALIZED_AUTOS = YES_AGGRESSIVE;
				GCC_WARN_UNUSED_FUNCTION = YES;
				GCC_WARN_UNUSED_VARIABLE = YES;
				IPHONEOS_DEPLOYMENT_TARGET = 15.5;
				MTL_ENABLE_DEBUG_INFO = NO;
				MTL_FAST_MATH = YES;
				SDKROOT = iphoneos;
				SWIFT_COMPILATION_MODE = wholemodule;
				SWIFT_OPTIMIZATION_LEVEL = "-O";
				VALIDATE_PRODUCT = YES;
			};
			name = Release;
		};
		E0DC9E4928D9DABF00831056 /* Debug */ = {
			isa = XCBuildConfiguration;
			baseConfigurationReference = 6BCFEE3C78902F48F0282BC9 /* Pods-IsbakApp.debug.xcconfig */;
			buildSettings = {
				ASSETCATALOG_COMPILER_APPICON_NAME = AppIcon;
				ASSETCATALOG_COMPILER_GLOBAL_ACCENT_COLOR_NAME = AccentColor;
				CODE_SIGN_STYLE = Automatic;
				CURRENT_PROJECT_VERSION = 1;
				DEVELOPMENT_TEAM = QRLR9NLV33;
				GENERATE_INFOPLIST_FILE = YES;
				INFOPLIST_FILE = IsbakApp/Info.plist;
				INFOPLIST_KEY_UIApplicationSupportsIndirectInputEvents = YES;
				INFOPLIST_KEY_UILaunchStoryboardName = LaunchScreen;
				INFOPLIST_KEY_UIMainStoryboardFile = Main;
				INFOPLIST_KEY_UISupportedInterfaceOrientations_iPad = "UIInterfaceOrientationPortrait UIInterfaceOrientationPortraitUpsideDown UIInterfaceOrientationLandscapeLeft UIInterfaceOrientationLandscapeRight";
				INFOPLIST_KEY_UISupportedInterfaceOrientations_iPhone = "UIInterfaceOrientationPortrait UIInterfaceOrientationLandscapeLeft UIInterfaceOrientationLandscapeRight";
				LD_RUNPATH_SEARCH_PATHS = (
					"$(inherited)",
					"@executable_path/Frameworks",
				);
				MARKETING_VERSION = 1.0;
				PRODUCT_BUNDLE_IDENTIFIER = com.canoncu.IsbakApp;
				PRODUCT_NAME = "$(TARGET_NAME)";
				SWIFT_EMIT_LOC_STRINGS = YES;
				SWIFT_VERSION = 5.0;
				TARGETED_DEVICE_FAMILY = "1,2";
			};
			name = Debug;
		};
		E0DC9E4A28D9DABF00831056 /* Release */ = {
			isa = XCBuildConfiguration;
			baseConfigurationReference = CB06CEF628AB8D1FDD619DEB /* Pods-IsbakApp.release.xcconfig */;
			buildSettings = {
				ASSETCATALOG_COMPILER_APPICON_NAME = AppIcon;
				ASSETCATALOG_COMPILER_GLOBAL_ACCENT_COLOR_NAME = AccentColor;
				CODE_SIGN_STYLE = Automatic;
				CURRENT_PROJECT_VERSION = 1;
				DEVELOPMENT_TEAM = QRLR9NLV33;
				GENERATE_INFOPLIST_FILE = YES;
				INFOPLIST_FILE = IsbakApp/Info.plist;
				INFOPLIST_KEY_UIApplicationSupportsIndirectInputEvents = YES;
				INFOPLIST_KEY_UILaunchStoryboardName = LaunchScreen;
				INFOPLIST_KEY_UIMainStoryboardFile = Main;
				INFOPLIST_KEY_UISupportedInterfaceOrientations_iPad = "UIInterfaceOrientationPortrait UIInterfaceOrientationPortraitUpsideDown UIInterfaceOrientationLandscapeLeft UIInterfaceOrientationLandscapeRight";
				INFOPLIST_KEY_UISupportedInterfaceOrientations_iPhone = "UIInterfaceOrientationPortrait UIInterfaceOrientationLandscapeLeft UIInterfaceOrientationLandscapeRight";
				LD_RUNPATH_SEARCH_PATHS = (
					"$(inherited)",
					"@executable_path/Frameworks",
				);
				MARKETING_VERSION = 1.0;
				PRODUCT_BUNDLE_IDENTIFIER = com.canoncu.IsbakApp;
				PRODUCT_NAME = "$(TARGET_NAME)";
				SWIFT_EMIT_LOC_STRINGS = YES;
				SWIFT_VERSION = 5.0;
				TARGETED_DEVICE_FAMILY = "1,2";
			};
			name = Release;
		};
/* End XCBuildConfiguration section */

/* Begin XCConfigurationList section */
		E0DC9E2F28D9DABD00831056 /* Build configuration list for PBXProject "IsbakApp" */ = {
			isa = XCConfigurationList;
			buildConfigurations = (
				E0DC9E4628D9DABF00831056 /* Debug */,
				E0DC9E4728D9DABF00831056 /* Release */,
			);
			defaultConfigurationIsVisible = 0;
			defaultConfigurationName = Release;
		};
		E0DC9E4828D9DABF00831056 /* Build configuration list for PBXNativeTarget "IsbakApp" */ = {
			isa = XCConfigurationList;
			buildConfigurations = (
				E0DC9E4928D9DABF00831056 /* Debug */,
				E0DC9E4A28D9DABF00831056 /* Release */,
			);
			defaultConfigurationIsVisible = 0;
			defaultConfigurationName = Release;
		};
/* End XCConfigurationList section */
	};
	rootObject = E0DC9E2C28D9DABD00831056 /* Project object */;
}
